
Microsoft Visual Studio Solution File, Format Version 12.00
# Visual Studio Version 16
VisualStudioVersion = 16.0.31410.357
MinimumVisualStudioVersion = 10.0.40219.1
Project("{9A19103F-16F7-4668-BE54-9A1E7A4F7556}") = "TamersEngine", "TamersEngine\TamersEngine.csproj", "{3F1EFFF1-C41E-495B-9851-89ABBA1144CE}"
EndProject
Global
	GlobalSection(SolutionConfigurationPlatforms) = preSolution
		Debug|Any CPU = Debug|Any CPU
		Release|Any CPU = Release|Any CPU
	EndGlobalSection
	GlobalSection(ProjectConfigurationPlatforms) = postSolution
		{3F1EFFF1-C41E-495B-9851-89ABBA1144CE}.Debug|Any CPU.ActiveCfg = Debug|Any CPU
		{3F1EFFF1-C41E-495B-9851-89ABBA1144CE}.Debug|Any CPU.Build.0 = Debug|Any CPU
		{3F1EFFF1-C41E-495B-9851-89ABBA1144CE}.Release|Any CPU.ActiveCfg = Release|Any CPU
		{3F1EFFF1-C41E-495B-9851-89ABBA1144CE}.Release|Any CPU.Build.0 = Release|Any CPU
	EndGlobalSection
	GlobalSection(SolutionProperties) = preSolution
		HideSolutionNode = FALSE
	EndGlobalSection
	GlobalSection(ExtensibilityGlobals) = postSolution
		SolutionGuid = {8B955941-4217-4A04-9A87-3DE76DFD631C}
	EndGlobalSection
EndGlobal
